// !$*UTF8*$!
{
	archiveVersion = 1;
	classes = {
	};
	objectVersion = 50;
	objects = {

/* Begin PBXBuildFile section */
		27D4730626092C2A00F23965 /* AppDelegate.swift in Sources */ = {isa = PBXBuildFile; fileRef = 27D4730526092C2A00F23965 /* AppDelegate.swift */; };
		27D4730826092C2A00F23965 /* SceneDelegate.swift in Sources */ = {isa = PBXBuildFile; fileRef = 27D4730726092C2A00F23965 /* SceneDelegate.swift */; };
		27D4730A26092C2A00F23965 /* ViewController.swift in Sources */ = {isa = PBXBuildFile; fileRef = 27D4730926092C2A00F23965 /* ViewController.swift */; };
		27D4730D26092C2A00F23965 /* Main.storyboard in Resources */ = {isa = PBXBuildFile; fileRef = 27D4730B26092C2A00F23965 /* Main.storyboard */; };
		27D4730F26092C2A00F23965 /* Assets.xcassets in Resources */ = {isa = PBXBuildFile; fileRef = 27D4730E26092C2A00F23965 /* Assets.xcassets */; };
		27D4731226092C2A00F23965 /* LaunchScreen.storyboard in Resources */ = {isa = PBXBuildFile; fileRef = 27D4731026092C2A00F23965 /* LaunchScreen.storyboard */; };
		27D4731D26092C2B00F23965 /* UdderTests.swift in Sources */ = {isa = PBXBuildFile; fileRef = 27D4731C26092C2B00F23965 /* UdderTests.swift */; };
		27D4732826092C2B00F23965 /* UdderUITests.swift in Sources */ = {isa = PBXBuildFile; fileRef = 27D4732726092C2B00F23965 /* UdderUITests.swift */; };
/* End PBXBuildFile section */

/* Begin PBXContainerItemProxy section */
		27D4731926092C2B00F23965 /* PBXContainerItemProxy */ = {
			isa = PBXContainerItemProxy;
			containerPortal = 27D472FA26092C2A00F23965 /* Project object */;
			proxyType = 1;
			remoteGlobalIDString = 27D4730126092C2A00F23965;
			remoteInfo = Udder;
		};
		27D4732426092C2B00F23965 /* PBXContainerItemProxy */ = {
			isa = PBXContainerItemProxy;
			containerPortal = 27D472FA26092C2A00F23965 /* Project object */;
			proxyType = 1;
			remoteGlobalIDString = 27D4730126092C2A00F23965;
			remoteInfo = Udder;
		};
/* End PBXContainerItemProxy section */

/* Begin PBXFileReference section */
		27D4730226092C2A00F23965 /* Udder.app */ = {isa = PBXFileReference; explicitFileType = wrapper.application; includeInIndex = 0; path = Udder.app; sourceTree = BUILT_PRODUCTS_DIR; };
		27D4730526092C2A00F23965 /* AppDelegate.swift */ = {isa = PBXFileReference; lastKnownFileType = sourcecode.swift; path = AppDelegate.swift; sourceTree = "<group>"; };
		27D4730726092C2A00F23965 /* SceneDelegate.swift */ = {isa = PBXFileReference; lastKnownFileType = sourcecode.swift; path = SceneDelegate.swift; sourceTree = "<group>"; };
		27D4730926092C2A00F23965 /* ViewController.swift */ = {isa = PBXFileReference; lastKnownFileType = sourcecode.swift; path = ViewController.swift; sourceTree = "<group>"; };
		27D4730C26092C2A00F23965 /* Base */ = {isa = PBXFileReference; lastKnownFileType = file.storyboard; name = Base; path = Base.lproj/Main.storyboard; sourceTree = "<group>"; };
		27D4730E26092C2A00F23965 /* Assets.xcassets */ = {isa = PBXFileReference; lastKnownFileType = folder.assetcatalog; path = Assets.xcassets; sourceTree = "<group>"; };
		27D4731126092C2A00F23965 /* Base */ = {isa = PBXFileReference; lastKnownFileType = file.storyboard; name = Base; path = Base.lproj/LaunchScreen.storyboard; sourceTree = "<group>"; };
		27D4731326092C2A00F23965 /* Info.plist */ = {isa = PBXFileReference; lastKnownFileType = text.plist.xml; path = Info.plist; sourceTree = "<group>"; };
		27D4731826092C2B00F23965 /* UdderTests.xctest */ = {isa = PBXFileReference; explicitFileType = wrapper.cfbundle; includeInIndex = 0; path = UdderTests.xctest; sourceTree = BUILT_PRODUCTS_DIR; };
		27D4731C26092C2B00F23965 /* UdderTests.swift */ = {isa = PBXFileReference; lastKnownFileType = sourcecode.swift; path = UdderTests.swift; sourceTree = "<group>"; };
		27D4731E26092C2B00F23965 /* Info.plist */ = {isa = PBXFileReference; lastKnownFileType = text.plist.xml; path = Info.plist; sourceTree = "<group>"; };
		27D4732326092C2B00F23965 /* UdderUITests.xctest */ = {isa = PBXFileReference; explicitFileType = wrapper.cfbundle; includeInIndex = 0; path = UdderUITests.xctest; sourceTree = BUILT_PRODUCTS_DIR; };
		27D4732726092C2B00F23965 /* UdderUITests.swift */ = {isa = PBXFileReference; lastKnownFileType = sourcecode.swift; path = UdderUITests.swift; sourceTree = "<group>"; };
		27D4732926092C2B00F23965 /* Info.plist */ = {isa = PBXFileReference; lastKnownFileType = text.plist.xml; path = Info.plist; sourceTree = "<group>"; };
/* End PBXFileReference section */

/* Begin PBXFrameworksBuildPhase section */
		27D472FF26092C2A00F23965 /* Frameworks */ = {
			isa = PBXFrameworksBuildPhase;
			buildActionMask = 2147483647;
			files = (
			);
			runOnlyForDeploymentPostprocessing = 0;
		};
		27D4731526092C2B00F23965 /* Frameworks */ = {
			isa = PBXFrameworksBuildPhase;
			buildActionMask = 2147483647;
			files = (
			);
			runOnlyForDeploymentPostprocessing = 0;
		};
		27D4732026092C2B00F23965 /* Frameworks */ = {
			isa = PBXFrameworksBuildPhase;
			buildActionMask = 2147483647;
			files = (
			);
			runOnlyForDeploymentPostprocessing = 0;
		};
/* End PBXFrameworksBuildPhase section */

/* Begin PBXGroup section */
		27D472F926092C2A00F23965 = {
			isa = PBXGroup;
			children = (
				27D4730426092C2A00F23965 /* Udder */,
				27D4731B26092C2B00F23965 /* UdderTests */,
				27D4732626092C2B00F23965 /* UdderUITests */,
				27D4730326092C2A00F23965 /* Products */,
			);
			sourceTree = "<group>";
		};
		27D4730326092C2A00F23965 /* Products */ = {
			isa = PBXGroup;
			children = (
				27D4730226092C2A00F23965 /* Udder.app */,
				27D4731826092C2B00F23965 /* UdderTests.xctest */,
				27D4732326092C2B00F23965 /* UdderUITests.xctest */,
			);
			name = Products;
			sourceTree = "<group>";
		};
		27D4730426092C2A00F23965 /* Udder */ = {
			isa = PBXGroup;
			children = (
				27D4730526092C2A00F23965 /* AppDelegate.swift */,
				27D4730726092C2A00F23965 /* SceneDelegate.swift */,
				27D4730926092C2A00F23965 /* ViewController.swift */,
				27D4730B26092C2A00F23965 /* Main.storyboard */,
				27D4730E26092C2A00F23965 /* Assets.xcassets */,
				27D4731026092C2A00F23965 /* LaunchScreen.storyboard */,
				27D4731326092C2A00F23965 /* Info.plist */,
			);
			path = Udder;
			sourceTree = "<group>";
		};
		27D4731B26092C2B00F23965 /* UdderTests */ = {
			isa = PBXGroup;
			children = (
				27D4731C26092C2B00F23965 /* UdderTests.swift */,
				27D4731E26092C2B00F23965 /* Info.plist */,
			);
			path = UdderTests;
			sourceTree = "<group>";
		};
		27D4732626092C2B00F23965 /* UdderUITests */ = {
			isa = PBXGroup;
			children = (
				27D4732726092C2B00F23965 /* UdderUITests.swift */,
				27D4732926092C2B00F23965 /* Info.plist */,
			);
			path = UdderUITests;
			sourceTree = "<group>";
		};
/* End PBXGroup section */

/* Begin PBXNativeTarget section */
		27D4730126092C2A00F23965 /* Udder */ = {
			isa = PBXNativeTarget;
			buildConfigurationList = 27D4732C26092C2B00F23965 /* Build configuration list for PBXNativeTarget "Udder" */;
			buildPhases = (
				27D472FE26092C2A00F23965 /* Sources */,
				27D472FF26092C2A00F23965 /* Frameworks */,
				27D4730026092C2A00F23965 /* Resources */,
			);
			buildRules = (
			);
			dependencies = (
			);
			name = Udder;
			productName = Udder;
			productReference = 27D4730226092C2A00F23965 /* Udder.app */;
			productType = "com.apple.product-type.application";
		};
		27D4731726092C2B00F23965 /* UdderTests */ = {
			isa = PBXNativeTarget;
			buildConfigurationList = 27D4732F26092C2B00F23965 /* Build configuration list for PBXNativeTarget "UdderTests" */;
			buildPhases = (
				27D4731426092C2B00F23965 /* Sources */,
				27D4731526092C2B00F23965 /* Frameworks */,
				27D4731626092C2B00F23965 /* Resources */,
			);
			buildRules = (
			);
			dependencies = (
				27D4731A26092C2B00F23965 /* PBXTargetDependency */,
			);
			name = UdderTests;
			productName = UdderTests;
			productReference = 27D4731826092C2B00F23965 /* UdderTests.xctest */;
			productType = "com.apple.product-type.bundle.unit-test";
		};
		27D4732226092C2B00F23965 /* UdderUITests */ = {
			isa = PBXNativeTarget;
			buildConfigurationList = 27D4733226092C2B00F23965 /* Build configuration list for PBXNativeTarget "UdderUITests" */;
			buildPhases = (
				27D4731F26092C2B00F23965 /* Sources */,
				27D4732026092C2B00F23965 /* Frameworks */,
				27D4732126092C2B00F23965 /* Resources */,
			);
			buildRules = (
			);
			dependencies = (
				27D4732526092C2B00F23965 /* PBXTargetDependency */,
			);
			name = UdderUITests;
			productName = UdderUITests;
			productReference = 27D4732326092C2B00F23965 /* UdderUITests.xctest */;
			productType = "com.apple.product-type.bundle.ui-testing";
		};
/* End PBXNativeTarget section */

/* Begin PBXProject section */
		27D472FA26092C2A00F23965 /* Project object */ = {
			isa = PBXProject;
			attributes = {
				LastSwiftUpdateCheck = 1240;
				LastUpgradeCheck = 1240;
				TargetAttributes = {
					27D4730126092C2A00F23965 = {
						CreatedOnToolsVersion = 12.4;
					};
					27D4731726092C2B00F23965 = {
						CreatedOnToolsVersion = 12.4;
						TestTargetID = 27D4730126092C2A00F23965;
					};
					27D4732226092C2B00F23965 = {
						CreatedOnToolsVersion = 12.4;
						TestTargetID = 27D4730126092C2A00F23965;
					};
				};
			};
			buildConfigurationList = 27D472FD26092C2A00F23965 /* Build configuration list for PBXProject "Udder" */;
			compatibilityVersion = "Xcode 9.3";
			developmentRegion = en;
			hasScannedForEncodings = 0;
			knownRegions = (
				en,
				Base,
			);
			mainGroup = 27D472F926092C2A00F23965;
			productRefGroup = 27D4730326092C2A00F23965 /* Products */;
			projectDirPath = "";
			projectRoot = "";
			targets = (
				27D4730126092C2A00F23965 /* Udder */,
				27D4731726092C2B00F23965 /* UdderTests */,
				27D4732226092C2B00F23965 /* UdderUITests */,
			);
		};
/* End PBXProject section */

/* Begin PBXResourcesBuildPhase section */
		27D4730026092C2A00F23965 /* Resources */ = {
			isa = PBXResourcesBuildPhase;
			buildActionMask = 2147483647;
			files = (
				27D4731226092C2A00F23965 /* LaunchScreen.storyboard in Resources */,
				27D4730F26092C2A00F23965 /* Assets.xcassets in Resources */,
				27D4730D26092C2A00F23965 /* Main.storyboard in Resources */,
			);
			runOnlyForDeploymentPostprocessing = 0;
		};
		27D4731626092C2B00F23965 /* Resources */ = {
			isa = PBXResourcesBuildPhase;
			buildActionMask = 2147483647;
			files = (
			);
			runOnlyForDeploymentPostprocessing = 0;
		};
		27D4732126092C2B00F23965 /* Resources */ = {
			isa = PBXResourcesBuildPhase;
			buildActionMask = 2147483647;
			files = (
			);
			runOnlyForDeploymentPostprocessing = 0;
		};
/* End PBXResourcesBuildPhase section */

/* Begin PBXSourcesBuildPhase section */
		27D472FE26092C2A00F23965 /* Sources */ = {
			isa = PBXSourcesBuildPhase;
			buildActionMask = 2147483647;
			files = (
				27D4730A26092C2A00F23965 /* ViewController.swift in Sources */,
				27D4730626092C2A00F23965 /* AppDelegate.swift in Sources */,
				27D4730826092C2A00F23965 /* SceneDelegate.swift in Sources */,
			);
			runOnlyForDeploymentPostprocessing = 0;
		};
		27D4731426092C2B00F23965 /* Sources */ = {
			isa = PBXSourcesBuildPhase;
			buildActionMask = 2147483647;
			files = (
				27D4731D26092C2B00F23965 /* UdderTests.swift in Sources */,
			);
			runOnlyForDeploymentPostprocessing = 0;
		};
		27D4731F26092C2B00F23965 /* Sources */ = {
			isa = PBXSourcesBuildPhase;
			buildActionMask = 2147483647;
			files = (
				27D4732826092C2B00F23965 /* UdderUITests.swift in Sources */,
			);
			runOnlyForDeploymentPostprocessing = 0;
		};
/* End PBXSourcesBuildPhase section */

/* Begin PBXTargetDependency section */
		27D4731A26092C2B00F23965 /* PBXTargetDependency */ = {
			isa = PBXTargetDependency;
			target = 27D4730126092C2A00F23965 /* Udder */;
			targetProxy = 27D4731926092C2B00F23965 /* PBXContainerItemProxy */;
		};
		27D4732526092C2B00F23965 /* PBXTargetDependency */ = {
			isa = PBXTargetDependency;
			target = 27D4730126092C2A00F23965 /* Udder */;
			targetProxy = 27D4732426092C2B00F23965 /* PBXContainerItemProxy */;
		};
/* End PBXTargetDependency section */

/* Begin PBXVariantGroup section */
		27D4730B26092C2A00F23965 /* Main.storyboard */ = {
			isa = PBXVariantGroup;
			children = (
				27D4730C26092C2A00F23965 /* Base */,
			);
			name = Main.storyboard;
			sourceTree = "<group>";
		};
		27D4731026092C2A00F23965 /* LaunchScreen.storyboard */ = {
			isa = PBXVariantGroup;
			children = (
				27D4731126092C2A00F23965 /* Base */,
			);
			name = LaunchScreen.storyboard;
			sourceTree = "<group>";
		};
/* End PBXVariantGroup section */

/* Begin XCBuildConfiguration section */
		27D4732A26092C2B00F23965 /* Debug */ = {
			isa = XCBuildConfiguration;
			buildSettings = {
				ALWAYS_SEARCH_USER_PATHS = NO;
				CLANG_ANALYZER_NONNULL = YES;
				CLANG_ANALYZER_NUMBER_OBJECT_CONVERSION = YES_AGGRESSIVE;
				CLANG_CXX_LANGUAGE_STANDARD = "gnu++14";
				CLANG_CXX_LIBRARY = "libc++";
				CLANG_ENABLE_MODULES = YES;
				CLANG_ENABLE_OBJC_ARC = YES;
				CLANG_ENABLE_OBJC_WEAK = YES;
				CLANG_WARN_BLOCK_CAPTURE_AUTORELEASING = YES;
				CLANG_WARN_BOOL_CONVERSION = YES;
				CLANG_WARN_COMMA = YES;
				CLANG_WARN_CONSTANT_CONVERSION = YES;
				CLANG_WARN_DEPRECATED_OBJC_IMPLEMENTATIONS = YES;
				CLANG_WARN_DIRECT_OBJC_ISA_USAGE = YES_ERROR;
				CLANG_WARN_DOCUMENTATION_COMMENTS = YES;
				CLANG_WARN_EMPTY_BODY = YES;
				CLANG_WARN_ENUM_CONVERSION = YES;
				CLANG_WARN_INFINITE_RECURSION = YES;
				CLANG_WARN_INT_CONVERSION = YES;
				CLANG_WARN_NON_LITERAL_NULL_CONVERSION = YES;
				CLANG_WARN_OBJC_IMPLICIT_RETAIN_SELF = YES;
				CLANG_WARN_OBJC_LITERAL_CONVERSION = YES;
				CLANG_WARN_OBJC_ROOT_CLASS = YES_ERROR;
				CLANG_WARN_QUOTED_INCLUDE_IN_FRAMEWORK_HEADER = YES;
				CLANG_WARN_RANGE_LOOP_ANALYSIS = YES;
				CLANG_WARN_STRICT_PROTOTYPES = YES;
				CLANG_WARN_SUSPICIOUS_MOVE = YES;
				CLANG_WARN_UNGUARDED_AVAILABILITY = YES_AGGRESSIVE;
				CLANG_WARN_UNREACHABLE_CODE = YES;
				CLANG_WARN__DUPLICATE_METHOD_MATCH = YES;
				COPY_PHASE_STRIP = NO;
				DEBUG_INFORMATION_FORMAT = dwarf;
				ENABLE_STRICT_OBJC_MSGSEND = YES;
				ENABLE_TESTABILITY = YES;
				GCC_C_LANGUAGE_STANDARD = gnu11;
				GCC_DYNAMIC_NO_PIC = NO;
				GCC_NO_COMMON_BLOCKS = YES;
				GCC_OPTIMIZATION_LEVEL = 0;
				GCC_PREPROCESSOR_DEFINITIONS = (
					"DEBUG=1",
					"$(inherited)",
				);
				GCC_WARN_64_TO_32_BIT_CONVERSION = YES;
				GCC_WARN_ABOUT_RETURN_TYPE = YES_ERROR;
				GCC_WARN_UNDECLARED_SELECTOR = YES;
				GCC_WARN_UNINITIALIZED_AUTOS = YES_AGGRESSIVE;
				GCC_WARN_UNUSED_FUNCTION = YES;
				GCC_WARN_UNUSED_VARIABLE = YES;
				IPHONEOS_DEPLOYMENT_TARGET = 14.4;
				MTL_ENABLE_DEBUG_INFO = INCLUDE_SOURCE;
				MTL_FAST_MATH = YES;
				ONLY_ACTIVE_ARCH = YES;
				SDKROOT = iphoneos;
				SWIFT_ACTIVE_COMPILATION_CONDITIONS = DEBUG;
				SWIFT_OPTIMIZATION_LEVEL = "-Onone";
			};
			name = Debug;
		};
		27D4732B26092C2B00F23965 /* Release */ = {
			isa = XCBuildConfiguration;
			buildSettings = {
				ALWAYS_SEARCH_USER_PATHS = NO;
				CLANG_ANALYZER_NONNULL = YES;
				CLANG_ANALYZER_NUMBER_OBJECT_CONVERSION = YES_AGGRESSIVE;
				CLANG_CXX_LANGUAGE_STANDARD = "gnu++14";
				CLANG_CXX_LIBRARY = "libc++";
				CLANG_ENABLE_MODULES = YES;
				CLANG_ENABLE_OBJC_ARC = YES;
				CLANG_ENABLE_OBJC_WEAK = YES;
				CLANG_WARN_BLOCK_CAPTURE_AUTORELEASING = YES;
				CLANG_WARN_BOOL_CONVERSION = YES;
				CLANG_WARN_COMMA = YES;
				CLANG_WARN_CONSTANT_CONVERSION = YES;
				CLANG_WARN_DEPRECATED_OBJC_IMPLEMENTATIONS = YES;
				CLANG_WARN_DIRECT_OBJC_ISA_USAGE = YES_ERROR;
				CLANG_WARN_DOCUMENTATION_COMMENTS = YES;
				CLANG_WARN_EMPTY_BODY = YES;
				CLANG_WARN_ENUM_CONVERSION = YES;
				CLANG_WARN_INFINITE_RECURSION = YES;
				CLANG_WARN_INT_CONVERSION = YES;
				CLANG_WARN_NON_LITERAL_NULL_CONVERSION = YES;
				CLANG_WARN_OBJC_IMPLICIT_RETAIN_SELF = YES;
				CLANG_WARN_OBJC_LITERAL_CONVERSION = YES;
				CLANG_WARN_OBJC_ROOT_CLASS = YES_ERROR;
				CLANG_WARN_QUOTED_INCLUDE_IN_FRAMEWORK_HEADER = YES;
				CLANG_WARN_RANGE_LOOP_ANALYSIS = YES;
				CLANG_WARN_STRICT_PROTOTYPES = YES;
				CLANG_WARN_SUSPICIOUS_MOVE = YES;
				CLANG_WARN_UNGUARDED_AVAILABILITY = YES_AGGRESSIVE;
				CLANG_WARN_UNREACHABLE_CODE = YES;
				CLANG_WARN__DUPLICATE_METHOD_MATCH = YES;
				COPY_PHASE_STRIP = NO;
				DEBUG_INFORMATION_FORMAT = "dwarf-with-dsym";
				ENABLE_NS_ASSERTIONS = NO;
				ENABLE_STRICT_OBJC_MSGSEND = YES;
				GCC_C_LANGUAGE_STANDARD = gnu11;
				GCC_NO_COMMON_BLOCKS = YES;
				GCC_WARN_64_TO_32_BIT_CONVERSION = YES;
				GCC_WARN_ABOUT_RETURN_TYPE = YES_ERROR;
				GCC_WARN_UNDECLARED_SELECTOR = YES;
				GCC_WARN_UNINITIALIZED_AUTOS = YES_AGGRESSIVE;
				GCC_WARN_UNUSED_FUNCTION = YES;
				GCC_WARN_UNUSED_VARIABLE = YES;
				IPHONEOS_DEPLOYMENT_TARGET = 14.4;
				MTL_ENABLE_DEBUG_INFO = NO;
				MTL_FAST_MATH = YES;
				SDKROOT = iphoneos;
				SWIFT_COMPILATION_MODE = wholemodule;
				SWIFT_OPTIMIZATION_LEVEL = "-O";
				VALIDATE_PRODUCT = YES;
			};
			name = Release;
		};
		27D4732D26092C2B00F23965 /* Debug */ = {
			isa = XCBuildConfiguration;
			buildSettings = {
				ASSETCATALOG_COMPILER_APPICON_NAME = AppIcon;
				ASSETCATALOG_COMPILER_GLOBAL_ACCENT_COLOR_NAME = AccentColor;
				CODE_SIGN_STYLE = Automatic;
				INFOPLIST_FILE = Udder/Info.plist;
				LD_RUNPATH_SEARCH_PATHS = (
					"$(inherited)",
					"@executable_path/Frameworks",
				);
				PRODUCT_BUNDLE_IDENTIFIER = com.mohamedsamir.Udder;
				PRODUCT_NAME = "$(TARGET_NAME)";
				SWIFT_VERSION = 5.0;
				TARGETED_DEVICE_FAMILY = "1,2";
			};
			name = Debug;
		};
		27D4732E26092C2B00F23965 /* Release */ = {
			isa = XCBuildConfiguration;
			buildSettings = {
				ASSETCATALOG_COMPILER_APPICON_NAME = AppIcon;
				ASSETCATALOG_COMPILER_GLOBAL_ACCENT_COLOR_NAME = AccentColor;
				CODE_SIGN_STYLE = Automatic;
				INFOPLIST_FILE = Udder/Info.plist;
				LD_RUNPATH_SEARCH_PATHS = (
					"$(inherited)",
					"@executable_path/Frameworks",
				);
				PRODUCT_BUNDLE_IDENTIFIER = com.mohamedsamir.Udder;
				PRODUCT_NAME = "$(TARGET_NAME)";
				SWIFT_VERSION = 5.0;
				TARGETED_DEVICE_FAMILY = "1,2";
			};
			name = Release;
		};
		27D4733026092C2B00F23965 /* Debug */ = {
			isa = XCBuildConfiguration;
			buildSettings = {
				ALWAYS_EMBED_SWIFT_STANDARD_LIBRARIES = YES;
				BUNDLE_LOADER = "$(TEST_HOST)";
				CODE_SIGN_STYLE = Automatic;
				INFOPLIST_FILE = UdderTests/Info.plist;
				IPHONEOS_DEPLOYMENT_TARGET = 14.4;
				LD_RUNPATH_SEARCH_PATHS = (
					"$(inherited)",
					"@executable_path/Frameworks",
					"@loader_path/Frameworks",
				);
				PRODUCT_BUNDLE_IDENTIFIER = com.mohamedsamir.UdderTests;
				PRODUCT_NAME = "$(TARGET_NAME)";
				SWIFT_VERSION = 5.0;
				TARGETED_DEVICE_FAMILY = "1,2";
				TEST_HOST = "$(BUILT_PRODUCTS_DIR)/Udder.app/Udder";
			};
			name = Debug;
		};
		27D4733126092C2B00F23965 /* Release */ = {
			isa = XCBuildConfiguration;
			buildSettings = {
				ALWAYS_EMBED_SWIFT_STANDARD_LIBRARIES = YES;
				BUNDLE_LOADER = "$(TEST_HOST)";
				CODE_SIGN_STYLE = Automatic;
				INFOPLIST_FILE = UdderTests/Info.plist;
				IPHONEOS_DEPLOYMENT_TARGET = 14.4;
				LD_RUNPATH_SEARCH_PATHS = (
					"$(inherited)",
					"@executable_path/Frameworks",
					"@loader_path/Frameworks",
				);
				PRODUCT_BUNDLE_IDENTIFIER = com.mohamedsamir.UdderTests;
				PRODUCT_NAME = "$(TARGET_NAME)";
				SWIFT_VERSION = 5.0;
				TARGETED_DEVICE_FAMILY = "1,2";
				TEST_HOST = "$(BUILT_PRODUCTS_DIR)/Udder.app/Udder";
			};
			name = Release;
		};
		27D4733326092C2B00F23965 /* Debug */ = {
			isa = XCBuildConfiguration;
			buildSettings = {
				ALWAYS_EMBED_SWIFT_STANDARD_LIBRARIES = YES;
				CODE_SIGN_STYLE = Automatic;
				INFOPLIST_FILE = UdderUITests/Info.plist;
				LD_RUNPATH_SEARCH_PATHS = (
					"$(inherited)",
					"@executable_path/Frameworks",
					"@loader_path/Frameworks",
				);
				PRODUCT_BUNDLE_IDENTIFIER = com.mohamedsamir.UdderUITests;
				PRODUCT_NAME = "$(TARGET_NAME)";
				SWIFT_VERSION = 5.0;
				TARGETED_DEVICE_FAMILY = "1,2";
				TEST_TARGET_NAME = Udder;
			};
			name = Debug;
		};
		27D4733426092C2B00F23965 /* Release */ = {
			isa = XCBuildConfiguration;
			buildSettings = {
				ALWAYS_EMBED_SWIFT_STANDARD_LIBRARIES = YES;
				CODE_SIGN_STYLE = Automatic;
				INFOPLIST_FILE = UdderUITests/Info.plist;
				LD_RUNPATH_SEARCH_PATHS = (
					"$(inherited)",
					"@executable_path/Frameworks",
					"@loader_path/Frameworks",
				);
				PRODUCT_BUNDLE_IDENTIFIER = com.mohamedsamir.UdderUITests;
				PRODUCT_NAME = "$(TARGET_NAME)";
				SWIFT_VERSION = 5.0;
				TARGETED_DEVICE_FAMILY = "1,2";
				TEST_TARGET_NAME = Udder;
			};
			name = Release;
		};
/* End XCBuildConfiguration section */

/* Begin XCConfigurationList section */
		27D472FD26092C2A00F23965 /* Build configuration list for PBXProject "Udder" */ = {
			isa = XCConfigurationList;
			buildConfigurations = (
				27D4732A26092C2B00F23965 /* Debug */,
				27D4732B26092C2B00F23965 /* Release */,
			);
			defaultConfigurationIsVisible = 0;
			defaultConfigurationName = Release;
		};
		27D4732C26092C2B00F23965 /* Build configuration list for PBXNativeTarget "Udder" */ = {
			isa = XCConfigurationList;
			buildConfigurations = (
				27D4732D26092C2B00F23965 /* Debug */,
				27D4732E26092C2B00F23965 /* Release */,
			);
			defaultConfigurationIsVisible = 0;
			defaultConfigurationName = Release;
		};
		27D4732F26092C2B00F23965 /* Build configuration list for PBXNativeTarget "UdderTests" */ = {
			isa = XCConfigurationList;
			buildConfigurations = (
				27D4733026092C2B00F23965 /* Debug */,
				27D4733126092C2B00F23965 /* Release */,
			);
			defaultConfigurationIsVisible = 0;
			defaultConfigurationName = Release;
		};
		27D4733226092C2B00F23965 /* Build configuration list for PBXNativeTarget "UdderUITests" */ = {
			isa = XCConfigurationList;
			buildConfigurations = (
				27D4733326092C2B00F23965 /* Debug */,
				27D4733426092C2B00F23965 /* Release */,
			);
			defaultConfigurationIsVisible = 0;
			defaultConfigurationName = Release;
		};
/* End XCConfigurationList section */
	};
	rootObject = 27D472FA26092C2A00F23965 /* Project object */;
}
